
Microsoft Visual Studio Solution File, Format Version 12.00
# Visual Studio Version 17
VisualStudioVersion = 17.2.32630.192
MinimumVisualStudioVersion = 10.0.40219.1
Project("{FAE04EC0-301F-11D3-BF4B-00C04F79EFBC}") = "Tarr", "Tarr\Tarr.csproj", "{D072A05E-F65E-4B1A-8937-D7A28607AE1A}"
EndProject
Global
	GlobalSection(SolutionConfigurationPlatforms) = preSolution
		Debug|Any CPU = Debug|Any CPU
		Release|Any CPU = Release|Any CPU
	EndGlobalSection
	GlobalSection(ProjectConfigurationPlatforms) = postSolution
		{D072A05E-F65E-4B1A-8937-D7A28607AE1A}.Debug|Any CPU.ActiveCfg = Debug|Any CPU
		{D072A05E-F65E-4B1A-8937-D7A28607AE1A}.Debug|Any CPU.Build.0 = Debug|Any CPU
		{D072A05E-F65E-4B1A-8937-D7A28607AE1A}.Release|Any CPU.ActiveCfg = Release|Any CPU
		{D072A05E-F65E-4B1A-8937-D7A28607AE1A}.Release|Any CPU.Build.0 = Release|Any CPU
	EndGlobalSection
	GlobalSection(SolutionProperties) = preSolution
		HideSolutionNode = FALSE
	EndGlobalSection
	GlobalSection(ExtensibilityGlobals) = postSolution
		SolutionGuid = {2E24685E-BD6C-40F3-84F5-4ACBD66E061C}
	EndGlobalSection
EndGlobal
